
Microsoft Visual Studio Solution File, Format Version 12.00
# Visual Studio 15
VisualStudioVersion = 15.0.28010.2048
MinimumVisualStudioVersion = 10.0.40219.1
Project("{FAE04EC0-301F-11D3-BF4B-00C04F79EFBC}") = "ConsoleLib", "ConsoleLib\ConsoleLib.csproj", "{007F5D38-291E-4D6E-BEFC-D4F8D5BDD759}"
EndProject
Project("{FAE04EC0-301F-11D3-BF4B-00C04F79EFBC}") = "Console.Tests", "Console.Tests\Console.Tests.csproj", "{CE9EFE6E-846A-4D20-AA38-625347EDC4EA}"
EndProject
Global
	GlobalSection(SolutionConfigurationPlatforms) = preSolution
		Debug|Any CPU = Debug|Any CPU
		Release|Any CPU = Release|Any CPU
	EndGlobalSection
	GlobalSection(ProjectConfigurationPlatforms) = postSolution
		{007F5D38-291E-4D6E-BEFC-D4F8D5BDD759}.Debug|Any CPU.ActiveCfg = Debug|Any CPU
		{007F5D38-291E-4D6E-BEFC-D4F8D5BDD759}.Debug|Any CPU.Build.0 = Debug|Any CPU
		{007F5D38-291E-4D6E-BEFC-D4F8D5BDD759}.Release|Any CPU.ActiveCfg = Release|Any CPU
		{007F5D38-291E-4D6E-BEFC-D4F8D5BDD759}.Release|Any CPU.Build.0 = Release|Any CPU
		{CE9EFE6E-846A-4D20-AA38-625347EDC4EA}.Debug|Any CPU.ActiveCfg = Debug|Any CPU
		{CE9EFE6E-846A-4D20-AA38-625347EDC4EA}.Debug|Any CPU.Build.0 = Debug|Any CPU
		{CE9EFE6E-846A-4D20-AA38-625347EDC4EA}.Release|Any CPU.ActiveCfg = Release|Any CPU
		{CE9EFE6E-846A-4D20-AA38-625347EDC4EA}.Release|Any CPU.Build.0 = Release|Any CPU
	EndGlobalSection
	GlobalSection(SolutionProperties) = preSolution
		HideSolutionNode = FALSE
	EndGlobalSection
	GlobalSection(ExtensibilityGlobals) = postSolution
		SolutionGuid = {791E58DE-A4E4-42B4-8445-B8F2CED8BC6E}
	EndGlobalSection
EndGlobal
